
Microsoft Visual Studio Solution File, Format Version 12.00
# Visual Studio Version 17
VisualStudioVersion = 17.0.32112.339
MinimumVisualStudioVersion = 10.0.40219.1
Project("{FAE04EC0-301F-11D3-BF4B-00C04F79EFBC}") = "EastlawUI_v2", "EastlawUI_v2\EastlawUI_v2.csproj", "{3E716B70-F745-4593-8769-A05B77C9865E}"
	ProjectSection(ProjectDependencies) = postProject
		{F1AA62B7-1CC6-4C97-83AE-9E8020C3151A} = {F1AA62B7-1CC6-4C97-83AE-9E8020C3151A}
	EndProjectSection
EndProject
Project("{FAE04EC0-301F-11D3-BF4B-00C04F79EFBC}") = "EastLawBL", "EastLawBL\EastLawBL.csproj", "{AC0CB722-920B-4CD9-963E-2F9F4A5722F0}"
EndProject
Project("{FAE04EC0-301F-11D3-BF4B-00C04F79EFBC}") = "UsersUtility", "UsersUtility\UsersUtility.csproj", "{F1AA62B7-1CC6-4C97-83AE-9E8020C3151A}"
EndProject
Project("{FAE04EC0-301F-11D3-BF4B-00C04F79EFBC}") = "AdminUtility", "AdminUtility\AdminUtility.csproj", "{A250B211-8670-4388-8E0A-2E16D7C43378}"
EndProject
Global
	GlobalSection(SolutionConfigurationPlatforms) = preSolution
		Debug|Any CPU = Debug|Any CPU
		Release|Any CPU = Release|Any CPU
	EndGlobalSection
	GlobalSection(ProjectConfigurationPlatforms) = postSolution
		{3E716B70-F745-4593-8769-A05B77C9865E}.Debug|Any CPU.ActiveCfg = Debug|Any CPU
		{3E716B70-F745-4593-8769-A05B77C9865E}.Debug|Any CPU.Build.0 = Debug|Any CPU
		{3E716B70-F745-4593-8769-A05B77C9865E}.Release|Any CPU.ActiveCfg = Release|Any CPU
		{3E716B70-F745-4593-8769-A05B77C9865E}.Release|Any CPU.Build.0 = Release|Any CPU
		{AC0CB722-920B-4CD9-963E-2F9F4A5722F0}.Debug|Any CPU.ActiveCfg = Debug|Any CPU
		{AC0CB722-920B-4CD9-963E-2F9F4A5722F0}.Debug|Any CPU.Build.0 = Debug|Any CPU
		{AC0CB722-920B-4CD9-963E-2F9F4A5722F0}.Release|Any CPU.ActiveCfg = Release|Any CPU
		{AC0CB722-920B-4CD9-963E-2F9F4A5722F0}.Release|Any CPU.Build.0 = Release|Any CPU
		{F1AA62B7-1CC6-4C97-83AE-9E8020C3151A}.Debug|Any CPU.ActiveCfg = Debug|Any CPU
		{F1AA62B7-1CC6-4C97-83AE-9E8020C3151A}.Debug|Any CPU.Build.0 = Debug|Any CPU
		{F1AA62B7-1CC6-4C97-83AE-9E8020C3151A}.Release|Any CPU.ActiveCfg = Release|Any CPU
		{F1AA62B7-1CC6-4C97-83AE-9E8020C3151A}.Release|Any CPU.Build.0 = Release|Any CPU
		{A250B211-8670-4388-8E0A-2E16D7C43378}.Debug|Any CPU.ActiveCfg = Debug|Any CPU
		{A250B211-8670-4388-8E0A-2E16D7C43378}.Debug|Any CPU.Build.0 = Debug|Any CPU
		{A250B211-8670-4388-8E0A-2E16D7C43378}.Release|Any CPU.ActiveCfg = Release|Any CPU
		{A250B211-8670-4388-8E0A-2E16D7C43378}.Release|Any CPU.Build.0 = Release|Any CPU
	EndGlobalSection
	GlobalSection(SolutionProperties) = preSolution
		HideSolutionNode = FALSE
	EndGlobalSection
	GlobalSection(ExtensibilityGlobals) = postSolution
		SolutionGuid = {7048C9B6-1E24-4E9A-9537-74D772D41E40}
	EndGlobalSection
EndGlobal
